
Microsoft Visual Studio Solution File, Format Version 12.00
# Visual Studio 14
VisualStudioVersion = 14.0.25123.0
MinimumVisualStudioVersion = 10.0.40219.1
Project("{FAE04EC0-301F-11D3-BF4B-00C04F79EFBC}") = "CampingWebForms", "CampingWebForms\CampingWebForms.csproj", "{5C056264-2670-428B-8373-7E9DCECE1C39}"
EndProject
Project("{FAE04EC0-301F-11D3-BF4B-00C04F79EFBC}") = "CampingWebForms.Tests", "CampingWebForms.Tests\CampingWebForms.Tests.csproj", "{590411C7-8127-4F0B-B108-E0D2540E16BB}"
EndProject
Project("{FAE04EC0-301F-11D3-BF4B-00C04F79EFBC}") = "CampingDB", "CampingDB\CampingDB.csproj", "{706BF628-6205-4BC2-BF0D-FC67D94E81F1}"
EndProject
Project("{FAE04EC0-301F-11D3-BF4B-00C04F79EFBC}") = "Auth", "Auth\Auth.csproj", "{62A194F7-C01E-458F-910B-9ACE2E191F46}"
EndProject
Global
	GlobalSection(SolutionConfigurationPlatforms) = preSolution
		Debug|Any CPU = Debug|Any CPU
		Release|Any CPU = Release|Any CPU
	EndGlobalSection
	GlobalSection(ProjectConfigurationPlatforms) = postSolution
		{5C056264-2670-428B-8373-7E9DCECE1C39}.Debug|Any CPU.ActiveCfg = Debug|Any CPU
		{5C056264-2670-428B-8373-7E9DCECE1C39}.Debug|Any CPU.Build.0 = Debug|Any CPU
		{5C056264-2670-428B-8373-7E9DCECE1C39}.Release|Any CPU.ActiveCfg = Release|Any CPU
		{5C056264-2670-428B-8373-7E9DCECE1C39}.Release|Any CPU.Build.0 = Release|Any CPU
		{590411C7-8127-4F0B-B108-E0D2540E16BB}.Debug|Any CPU.ActiveCfg = Debug|Any CPU
		{590411C7-8127-4F0B-B108-E0D2540E16BB}.Debug|Any CPU.Build.0 = Debug|Any CPU
		{590411C7-8127-4F0B-B108-E0D2540E16BB}.Release|Any CPU.ActiveCfg = Release|Any CPU
		{590411C7-8127-4F0B-B108-E0D2540E16BB}.Release|Any CPU.Build.0 = Release|Any CPU
		{706BF628-6205-4BC2-BF0D-FC67D94E81F1}.Debug|Any CPU.ActiveCfg = Debug|Any CPU
		{706BF628-6205-4BC2-BF0D-FC67D94E81F1}.Debug|Any CPU.Build.0 = Debug|Any CPU
		{706BF628-6205-4BC2-BF0D-FC67D94E81F1}.Release|Any CPU.ActiveCfg = Release|Any CPU
		{706BF628-6205-4BC2-BF0D-FC67D94E81F1}.Release|Any CPU.Build.0 = Release|Any CPU
		{62A194F7-C01E-458F-910B-9ACE2E191F46}.Debug|Any CPU.ActiveCfg = Debug|Any CPU
		{62A194F7-C01E-458F-910B-9ACE2E191F46}.Debug|Any CPU.Build.0 = Debug|Any CPU
		{62A194F7-C01E-458F-910B-9ACE2E191F46}.Release|Any CPU.ActiveCfg = Release|Any CPU
		{62A194F7-C01E-458F-910B-9ACE2E191F46}.Release|Any CPU.Build.0 = Release|Any CPU
	EndGlobalSection
	GlobalSection(SolutionProperties) = preSolution
		HideSolutionNode = FALSE
	EndGlobalSection
EndGlobal
